<?xml version="1.0" encoding="utf-8"?>
<Project ToolsVersion="4.0" xmlns="http://schemas.microsoft.com/developer/msbuild/2003">
  <ItemGroup>
    <Filter Include="src">
      <UniqueIdentifier>{fc25f2b0-4bc3-46f4-8306-0f202ea24a75}</UniqueIdentifier>
    </Filter>
    <Filter Include="src\include">
      <UniqueIdentifier>{fe9ad834-8410-4e75-8f7a-1bb9c6f3ca8a}</UniqueIdentifier>
    </Filter>
    <Filter Include="src\impl">
      <UniqueIdentifier>{759cb5f7-df66-46d9-9c34-75bc8727f19a}</UniqueIdentifier>
    </Filter>
  </ItemGroup>
  <ItemGroup>
    <ClInclude Include="src\include\HttpOption.h">
      <Filter>src\include</Filter>
    </ClInclude>
  </ItemGroup>
  <ItemGroup>
    <ClCompile Include="src\impl\HttpOption.cpp">
      <Filter>src\impl</Filter>
    </ClCompile>
  </ItemGroup>
</Project>