<?xml version="1.0" encoding="utf-8"?>
<Project ToolsVersion="4.0" xmlns="http://schemas.microsoft.com/developer/msbuild/2003">
  <ItemGroup>
    <Filter Include="资源文件">
      <UniqueIdentifier>{67DA6AB6-F800-4c08-8B7A-83BB121AAD01}</UniqueIdentifier>
      <Extensions>rc;ico;cur;bmp;dlg;rc2;rct;bin;rgs;gif;jpg;jpeg;jpe;resx;tiff;tif;png;wav;mfcribbon-ms</Extensions>
    </Filter>
    <Filter Include="src">
      <UniqueIdentifier>{906cf0c4-ef54-4c5f-91a4-e80cc44af73b}</UniqueIdentifier>
    </Filter>
    <Filter Include="src\core">
      <UniqueIdentifier>{d731034b-5f0a-4201-93f6-4df9d34d201d}</UniqueIdentifier>
    </Filter>
    <Filter Include="src\impl">
      <UniqueIdentifier>{5ac21af5-b68c-494e-a4b6-8bcf8cb1b356}</UniqueIdentifier>
    </Filter>
    <Filter Include="src\test">
      <UniqueIdentifier>{d07e1c3f-6078-42c5-a255-97e3901418e1}</UniqueIdentifier>
    </Filter>
    <Filter Include="src\resource">
      <UniqueIdentifier>{a50c668c-9f1d-4cec-bf84-fb79ecfcb9c7}</UniqueIdentifier>
    </Filter>
  </ItemGroup>
  <ItemGroup>
    <ClCompile Include="src\App.cpp">
      <Filter>src</Filter>
    </ClCompile>
    <ClCompile Include="src\impl\Application.cpp">
      <Filter>src\impl</Filter>
    </ClCompile>
    <ClCompile Include="src\test\SimpleController.cpp">
      <Filter>src\test</Filter>
    </ClCompile>
    <ClCompile Include="src\impl\HttpRequestHandler.cpp">
      <Filter>src\impl</Filter>
    </ClCompile>
  </ItemGroup>
  <ItemGroup>
    <ClInclude Include="src\core\EntryPoint.h">
      <Filter>src\core</Filter>
    </ClInclude>
    <ClInclude Include="src\core\Application.h">
      <Filter>src\core</Filter>
    </ClInclude>
    <ClInclude Include="src\test\SimpleController.h">
      <Filter>src\test</Filter>
    </ClInclude>
    <ClInclude Include="src\core\Core.h">
      <Filter>src\core</Filter>
    </ClInclude>
    <ClInclude Include="src\core\ThreadPool.hpp">
      <Filter>src\core</Filter>
    </ClInclude>
    <ClInclude Include="src\core\HttpRequestHandler.h">
      <Filter>src\core</Filter>
    </ClInclude>
  </ItemGroup>
  <ItemGroup>
    <None Include="src\resource\application.json">
      <Filter>src\resource</Filter>
    </None>
  </ItemGroup>
</Project>